{
  "name": "wake_tests_examples",
  "version": "0.0.1",
  "lockfileVersion": 3,
  "requires": true,
  "packages": {
    "": {
      "name": "wake_tests_examples",
      "version": "0.0.1",
      "license": "ISC",
      "devDependencies": {
        "@boringcrypto/boring-solidity": "github:boringcrypto/BoringSolidity",
        "@openzeppelin/contracts": "^5.0.0",
        "solady": "^0.0.143",
        "solmate": "^6.2.0"
      }
    },
    "node_modules/@boringcrypto/boring-solidity": {
      "version": "2.0.3",
      "resolved": "git+ssh://git@github.com/boringcrypto/BoringSolidity.git#78f4817d9c0d95fe9c45cd42e307ccd22cf5f4fc",
      "dev": true,
      "license": "MIT"
    },
    "node_modules/@openzeppelin/contracts": {
      "version": "5.0.0",
      "resolved": "https://registry.npmjs.org/@openzeppelin/contracts/-/contracts-5.0.0.tgz",
      "integrity": "sha512-bv2sdS6LKqVVMLI5+zqnNrNU/CA+6z6CmwFXm/MzmOPBRSO5reEJN7z0Gbzvs0/bv/MZZXNklubpwy3v2+azsw==",
      "dev": true
    },
    "node_modules/solady": {
      "version": "0.0.143",
      "resolved": "https://registry.npmjs.org/solady/-/solady-0.0.143.tgz",
      "integrity": "sha512-jmsBvY+nt41SAGCeTylae/DAkMLtN4lE1GgkNTMLLH7fdxQE4A1ioN1/27wRnwVWi5WolU6lkec9+VYy/nLgWg==",
      "dev": true
    },
    "node_modules/solmate": {
      "version": "6.2.0",
      "resolved": "https://registry.npmjs.org/solmate/-/solmate-6.2.0.tgz",
      "integrity": "sha512-AM38ioQ2P8zRsA42zenb9or6OybRjOLXIu3lhIT8rhddUuduCt76pUEuLxOIg9GByGojGz+EbpFdCB6B+QZVVA==",
      "dev": true
    }
  }
}
